
Microsoft Visual Studio Solution File, Format Version 12.00
# Visual Studio Version 16
VisualStudioVersion = 16.0.31005.135
MinimumVisualStudioVersion = 10.0.40219.1
Project("{FAE04EC0-301F-11D3-BF4B-00C04F79EFBC}") = "HomeLibraryApplication", "HomeLibraryApplication\HomeLibraryApplication.csproj", "{198C290F-6D01-43C5-97DC-7BD6F6887521}"
EndProject
Project("{FAE04EC0-301F-11D3-BF4B-00C04F79EFBC}") = "HomeLibraryData", "HomeLibraryData\HomeLibraryData.csproj", "{565790B6-D0CA-4D1A-A03C-A88F01E00209}"
EndProject
Project("{FAE04EC0-301F-11D3-BF4B-00C04F79EFBC}") = "HomeLibraryService", "HomeLibraryService\HomeLibraryService.csproj", "{69C169D4-32A7-4BDE-9A91-643D304C54E0}"
EndProject
Global
	GlobalSection(SolutionConfigurationPlatforms) = preSolution
		Debug|Any CPU = Debug|Any CPU
		Release|Any CPU = Release|Any CPU
	EndGlobalSection
	GlobalSection(ProjectConfigurationPlatforms) = postSolution
		{198C290F-6D01-43C5-97DC-7BD6F6887521}.Debug|Any CPU.ActiveCfg = Debug|Any CPU
		{198C290F-6D01-43C5-97DC-7BD6F6887521}.Debug|Any CPU.Build.0 = Debug|Any CPU
		{198C290F-6D01-43C5-97DC-7BD6F6887521}.Release|Any CPU.ActiveCfg = Release|Any CPU
		{198C290F-6D01-43C5-97DC-7BD6F6887521}.Release|Any CPU.Build.0 = Release|Any CPU
		{565790B6-D0CA-4D1A-A03C-A88F01E00209}.Debug|Any CPU.ActiveCfg = Debug|Any CPU
		{565790B6-D0CA-4D1A-A03C-A88F01E00209}.Debug|Any CPU.Build.0 = Debug|Any CPU
		{565790B6-D0CA-4D1A-A03C-A88F01E00209}.Release|Any CPU.ActiveCfg = Release|Any CPU
		{565790B6-D0CA-4D1A-A03C-A88F01E00209}.Release|Any CPU.Build.0 = Release|Any CPU
		{69C169D4-32A7-4BDE-9A91-643D304C54E0}.Debug|Any CPU.ActiveCfg = Debug|Any CPU
		{69C169D4-32A7-4BDE-9A91-643D304C54E0}.Debug|Any CPU.Build.0 = Debug|Any CPU
		{69C169D4-32A7-4BDE-9A91-643D304C54E0}.Release|Any CPU.ActiveCfg = Release|Any CPU
		{69C169D4-32A7-4BDE-9A91-643D304C54E0}.Release|Any CPU.Build.0 = Release|Any CPU
	EndGlobalSection
	GlobalSection(SolutionProperties) = preSolution
		HideSolutionNode = FALSE
	EndGlobalSection
	GlobalSection(ExtensibilityGlobals) = postSolution
		SolutionGuid = {39B673DA-E6DA-47DA-8664-FF104CAF239A}
	EndGlobalSection
EndGlobal
